
Microsoft Visual Studio Solution File, Format Version 12.00
# Visual Studio 2013
VisualStudioVersion = 12.0.30723.0
MinimumVisualStudioVersion = 10.0.40219.1
Project("{FAE04EC0-301F-11D3-BF4B-00C04F79EFBC}") = "CoreClassLib", "CoreClassLib\CoreClassLib.csproj", "{85DB89A1-5411-4FBA-A363-505C30F31EAC}"
EndProject
Project("{FAE04EC0-301F-11D3-BF4B-00C04F79EFBC}") = "KynetClient", "Kynet Client\KynetClient.csproj", "{807D1B0E-B2FD-4FE8-BA15-99DE197D2EB4}"
EndProject
Project("{FAE04EC0-301F-11D3-BF4B-00C04F79EFBC}") = "KynetServer", "Kynet Server\KynetServer.csproj", "{0F5833A3-6BD2-4DC4-B87D-86B0B2957D61}"
EndProject
Global
	GlobalSection(SolutionConfigurationPlatforms) = preSolution
		Debug|Any CPU = Debug|Any CPU
		Release|Any CPU = Release|Any CPU
	EndGlobalSection
	GlobalSection(ProjectConfigurationPlatforms) = postSolution
		{85DB89A1-5411-4FBA-A363-505C30F31EAC}.Debug|Any CPU.ActiveCfg = Debug|Any CPU
		{85DB89A1-5411-4FBA-A363-505C30F31EAC}.Debug|Any CPU.Build.0 = Debug|Any CPU
		{85DB89A1-5411-4FBA-A363-505C30F31EAC}.Release|Any CPU.ActiveCfg = Release|Any CPU
		{85DB89A1-5411-4FBA-A363-505C30F31EAC}.Release|Any CPU.Build.0 = Release|Any CPU
		{807D1B0E-B2FD-4FE8-BA15-99DE197D2EB4}.Debug|Any CPU.ActiveCfg = Debug|Any CPU
		{807D1B0E-B2FD-4FE8-BA15-99DE197D2EB4}.Debug|Any CPU.Build.0 = Debug|Any CPU
		{807D1B0E-B2FD-4FE8-BA15-99DE197D2EB4}.Release|Any CPU.ActiveCfg = Release|Any CPU
		{807D1B0E-B2FD-4FE8-BA15-99DE197D2EB4}.Release|Any CPU.Build.0 = Release|Any CPU
		{0F5833A3-6BD2-4DC4-B87D-86B0B2957D61}.Debug|Any CPU.ActiveCfg = Debug|Any CPU
		{0F5833A3-6BD2-4DC4-B87D-86B0B2957D61}.Debug|Any CPU.Build.0 = Debug|Any CPU
		{0F5833A3-6BD2-4DC4-B87D-86B0B2957D61}.Release|Any CPU.ActiveCfg = Release|Any CPU
		{0F5833A3-6BD2-4DC4-B87D-86B0B2957D61}.Release|Any CPU.Build.0 = Release|Any CPU
	EndGlobalSection
	GlobalSection(SolutionProperties) = preSolution
		HideSolutionNode = FALSE
	EndGlobalSection
EndGlobal
